
Microsoft Visual Studio Solution File, Format Version 12.00
# Visual Studio 15
VisualStudioVersion = 15.0.28307.168
MinimumVisualStudioVersion = 10.0.40219.1
Project("{2150E333-8FDC-42A3-9474-1A3956D46DE8}") = "src", "src", "{06261AB9-CA9C-43BC-8E08-E72140643521}"
EndProject
Project("{2150E333-8FDC-42A3-9474-1A3956D46DE8}") = "web", "web", "{D188681C-1382-4355-8869-60B7FC6F5975}"
EndProject
Project("{2150E333-8FDC-42A3-9474-1A3956D46DE8}") = "services", "services", "{9E7B058F-AA51-4CCC-BA11-16BB762C71B8}"
EndProject
Project("{9A19103F-16F7-4668-BE54-9A1E7A4F7556}") = "EventCatalogApi", "EventCatalogApi\EventCatalogApi.csproj", "{F8770FBE-AB64-4888-9C81-B9070F938C7C}"
EndProject
Project("{9A19103F-16F7-4668-BE54-9A1E7A4F7556}") = "WebMvc", "WebMvc\WebMvc.csproj", "{28659E16-7DFF-4B7E-AC13-B90FB3101C71}"
EndProject
Project("{E53339B2-1760-4266-BCC7-CA923CBCF16C}") = "docker-compose", "docker-compose.dcproj", "{A7284498-9F4B-4415-B5E1-707E8CA311E0}"
EndProject
Project("{9A19103F-16F7-4668-BE54-9A1E7A4F7556}") = "TokenServiceApi", "TokenServiceApi\TokenServiceApi.csproj", "{16515C53-EFDA-42AE-AB2D-E2581D8AD45B}"
EndProject
Project("{9A19103F-16F7-4668-BE54-9A1E7A4F7556}") = "CartApi", "BuyTicketApi\CartApi.csproj", "{103C6558-876A-4F2D-BA65-34A3DF3123E8}"
EndProject
Project("{9A19103F-16F7-4668-BE54-9A1E7A4F7556}") = "OrderApi", "OrderApi\OrderApi.csproj", "{0E1818DE-4F83-410F-A07C-2166934C01FD}"
EndProject
Global
	GlobalSection(SolutionConfigurationPlatforms) = preSolution
		Debug|Any CPU = Debug|Any CPU
		Release|Any CPU = Release|Any CPU
	EndGlobalSection
	GlobalSection(ProjectConfigurationPlatforms) = postSolution
		{F8770FBE-AB64-4888-9C81-B9070F938C7C}.Debug|Any CPU.ActiveCfg = Debug|Any CPU
		{F8770FBE-AB64-4888-9C81-B9070F938C7C}.Debug|Any CPU.Build.0 = Debug|Any CPU
		{F8770FBE-AB64-4888-9C81-B9070F938C7C}.Release|Any CPU.ActiveCfg = Release|Any CPU
		{F8770FBE-AB64-4888-9C81-B9070F938C7C}.Release|Any CPU.Build.0 = Release|Any CPU
		{28659E16-7DFF-4B7E-AC13-B90FB3101C71}.Debug|Any CPU.ActiveCfg = Debug|Any CPU
		{28659E16-7DFF-4B7E-AC13-B90FB3101C71}.Debug|Any CPU.Build.0 = Debug|Any CPU
		{28659E16-7DFF-4B7E-AC13-B90FB3101C71}.Release|Any CPU.ActiveCfg = Release|Any CPU
		{28659E16-7DFF-4B7E-AC13-B90FB3101C71}.Release|Any CPU.Build.0 = Release|Any CPU
		{A7284498-9F4B-4415-B5E1-707E8CA311E0}.Debug|Any CPU.ActiveCfg = Debug|Any CPU
		{A7284498-9F4B-4415-B5E1-707E8CA311E0}.Debug|Any CPU.Build.0 = Debug|Any CPU
		{A7284498-9F4B-4415-B5E1-707E8CA311E0}.Release|Any CPU.ActiveCfg = Release|Any CPU
		{A7284498-9F4B-4415-B5E1-707E8CA311E0}.Release|Any CPU.Build.0 = Release|Any CPU
		{16515C53-EFDA-42AE-AB2D-E2581D8AD45B}.Debug|Any CPU.ActiveCfg = Debug|Any CPU
		{16515C53-EFDA-42AE-AB2D-E2581D8AD45B}.Debug|Any CPU.Build.0 = Debug|Any CPU
		{16515C53-EFDA-42AE-AB2D-E2581D8AD45B}.Release|Any CPU.ActiveCfg = Release|Any CPU
		{16515C53-EFDA-42AE-AB2D-E2581D8AD45B}.Release|Any CPU.Build.0 = Release|Any CPU
		{103C6558-876A-4F2D-BA65-34A3DF3123E8}.Debug|Any CPU.ActiveCfg = Debug|Any CPU
		{103C6558-876A-4F2D-BA65-34A3DF3123E8}.Debug|Any CPU.Build.0 = Debug|Any CPU
		{103C6558-876A-4F2D-BA65-34A3DF3123E8}.Release|Any CPU.ActiveCfg = Release|Any CPU
		{103C6558-876A-4F2D-BA65-34A3DF3123E8}.Release|Any CPU.Build.0 = Release|Any CPU
		{0E1818DE-4F83-410F-A07C-2166934C01FD}.Debug|Any CPU.ActiveCfg = Debug|Any CPU
		{0E1818DE-4F83-410F-A07C-2166934C01FD}.Debug|Any CPU.Build.0 = Debug|Any CPU
		{0E1818DE-4F83-410F-A07C-2166934C01FD}.Release|Any CPU.ActiveCfg = Release|Any CPU
		{0E1818DE-4F83-410F-A07C-2166934C01FD}.Release|Any CPU.Build.0 = Release|Any CPU
	EndGlobalSection
	GlobalSection(SolutionProperties) = preSolution
		HideSolutionNode = FALSE
	EndGlobalSection
	GlobalSection(NestedProjects) = preSolution
		{D188681C-1382-4355-8869-60B7FC6F5975} = {06261AB9-CA9C-43BC-8E08-E72140643521}
		{9E7B058F-AA51-4CCC-BA11-16BB762C71B8} = {06261AB9-CA9C-43BC-8E08-E72140643521}
		{F8770FBE-AB64-4888-9C81-B9070F938C7C} = {9E7B058F-AA51-4CCC-BA11-16BB762C71B8}
		{28659E16-7DFF-4B7E-AC13-B90FB3101C71} = {D188681C-1382-4355-8869-60B7FC6F5975}
		{16515C53-EFDA-42AE-AB2D-E2581D8AD45B} = {9E7B058F-AA51-4CCC-BA11-16BB762C71B8}
		{103C6558-876A-4F2D-BA65-34A3DF3123E8} = {9E7B058F-AA51-4CCC-BA11-16BB762C71B8}
		{0E1818DE-4F83-410F-A07C-2166934C01FD} = {9E7B058F-AA51-4CCC-BA11-16BB762C71B8}
	EndGlobalSection
	GlobalSection(ExtensibilityGlobals) = postSolution
		SolutionGuid = {E1FEC921-4232-4EE8-BA5B-4E7DA4E1FF2D}
	EndGlobalSection
EndGlobal
